// !$*UTF8*$!
{
	archiveVersion = 1;
	classes = {
	};
	objectVersion = 56;
	objects = {

/* Begin PBXBuildFile section */
		153E55D3BB2EF41F46587A8F /* libPods-ObjectiveC-Sample-App.a in Frameworks */ = {isa = PBXBuildFile; fileRef = C39A3118406A237665026642 /* libPods-ObjectiveC-Sample-App.a */; };
		B6B4AFF129364D0E00291FE6 /* AppDelegate.m in Sources */ = {isa = PBXBuildFile; fileRef = B6B4AFF029364D0E00291FE6 /* AppDelegate.m */; };
		B6B4AFF429364D0E00291FE6 /* SceneDelegate.m in Sources */ = {isa = PBXBuildFile; fileRef = B6B4AFF329364D0E00291FE6 /* SceneDelegate.m */; };
		B6B4AFF729364D0E00291FE6 /* ViewController.m in Sources */ = {isa = PBXBuildFile; fileRef = B6B4AFF629364D0E00291FE6 /* ViewController.m */; };
		B6B4AFFA29364D0E00291FE6 /* Main.storyboard in Resources */ = {isa = PBXBuildFile; fileRef = B6B4AFF829364D0E00291FE6 /* Main.storyboard */; };
		B6B4AFFC29364D0F00291FE6 /* Assets.xcassets in Resources */ = {isa = PBXBuildFile; fileRef = B6B4AFFB29364D0F00291FE6 /* Assets.xcassets */; };
		B6B4AFFF29364D0F00291FE6 /* LaunchScreen.storyboard in Resources */ = {isa = PBXBuildFile; fileRef = B6B4AFFD29364D0F00291FE6 /* LaunchScreen.storyboard */; };
		B6B4B00229364D0F00291FE6 /* main.m in Sources */ = {isa = PBXBuildFile; fileRef = B6B4B00129364D0F00291FE6 /* main.m */; };
/* End PBXBuildFile section */

/* Begin PBXFileReference section */
		24AEC5F4C56927C2171B862F /* Pods-ObjectiveC-Sample-App.debug.xcconfig */ = {isa = PBXFileReference; includeInIndex = 1; lastKnownFileType = text.xcconfig; name = "Pods-ObjectiveC-Sample-App.debug.xcconfig"; path = "Target Support Files/Pods-ObjectiveC-Sample-App/Pods-ObjectiveC-Sample-App.debug.xcconfig"; sourceTree = "<group>"; };
		A69E585ADBBD24596B56F2C7 /* Pods-ObjectiveC-Sample-App.release.xcconfig */ = {isa = PBXFileReference; includeInIndex = 1; lastKnownFileType = text.xcconfig; name = "Pods-ObjectiveC-Sample-App.release.xcconfig"; path = "Target Support Files/Pods-ObjectiveC-Sample-App/Pods-ObjectiveC-Sample-App.release.xcconfig"; sourceTree = "<group>"; };
		B6B4AFEC29364D0E00291FE6 /* ObjectiveC-Sample-App.app */ = {isa = PBXFileReference; explicitFileType = wrapper.application; includeInIndex = 0; path = "ObjectiveC-Sample-App.app"; sourceTree = BUILT_PRODUCTS_DIR; };
		B6B4AFEF29364D0E00291FE6 /* AppDelegate.h */ = {isa = PBXFileReference; lastKnownFileType = sourcecode.c.h; path = AppDelegate.h; sourceTree = "<group>"; };
		B6B4AFF029364D0E00291FE6 /* AppDelegate.m */ = {isa = PBXFileReference; lastKnownFileType = sourcecode.c.objc; path = AppDelegate.m; sourceTree = "<group>"; };
		B6B4AFF229364D0E00291FE6 /* SceneDelegate.h */ = {isa = PBXFileReference; lastKnownFileType = sourcecode.c.h; path = SceneDelegate.h; sourceTree = "<group>"; };
		B6B4AFF329364D0E00291FE6 /* SceneDelegate.m */ = {isa = PBXFileReference; lastKnownFileType = sourcecode.c.objc; path = SceneDelegate.m; sourceTree = "<group>"; };
		B6B4AFF529364D0E00291FE6 /* ViewController.h */ = {isa = PBXFileReference; lastKnownFileType = sourcecode.c.h; path = ViewController.h; sourceTree = "<group>"; };
		B6B4AFF629364D0E00291FE6 /* ViewController.m */ = {isa = PBXFileReference; lastKnownFileType = sourcecode.c.objc; path = ViewController.m; sourceTree = "<group>"; };
		B6B4AFF929364D0E00291FE6 /* Base */ = {isa = PBXFileReference; lastKnownFileType = file.storyboard; name = Base; path = Base.lproj/Main.storyboard; sourceTree = "<group>"; };
		B6B4AFFB29364D0F00291FE6 /* Assets.xcassets */ = {isa = PBXFileReference; lastKnownFileType = folder.assetcatalog; path = Assets.xcassets; sourceTree = "<group>"; };
		B6B4AFFE29364D0F00291FE6 /* Base */ = {isa = PBXFileReference; lastKnownFileType = file.storyboard; name = Base; path = Base.lproj/LaunchScreen.storyboard; sourceTree = "<group>"; };
		B6B4B00029364D0F00291FE6 /* Info.plist */ = {isa = PBXFileReference; lastKnownFileType = text.plist.xml; path = Info.plist; sourceTree = "<group>"; };
		B6B4B00129364D0F00291FE6 /* main.m */ = {isa = PBXFileReference; lastKnownFileType = sourcecode.c.objc; path = main.m; sourceTree = "<group>"; };
		C39A3118406A237665026642 /* libPods-ObjectiveC-Sample-App.a */ = {isa = PBXFileReference; explicitFileType = archive.ar; includeInIndex = 0; path = "libPods-ObjectiveC-Sample-App.a"; sourceTree = BUILT_PRODUCTS_DIR; };
/* End PBXFileReference section */

/* Begin PBXFrameworksBuildPhase section */
		B6B4AFE929364D0E00291FE6 /* Frameworks */ = {
			isa = PBXFrameworksBuildPhase;
			buildActionMask = 2147483647;
			files = (
				153E55D3BB2EF41F46587A8F /* libPods-ObjectiveC-Sample-App.a in Frameworks */,
			);
			runOnlyForDeploymentPostprocessing = 0;
		};
/* End PBXFrameworksBuildPhase section */

/* Begin PBXGroup section */
		6E56D48DC20D59FB9377CFE0 /* Frameworks */ = {
			isa = PBXGroup;
			children = (
				C39A3118406A237665026642 /* libPods-ObjectiveC-Sample-App.a */,
			);
			name = Frameworks;
			sourceTree = "<group>";
		};
		B6B4AFE329364D0E00291FE6 = {
			isa = PBXGroup;
			children = (
				B6B4AFEE29364D0E00291FE6 /* ObjectiveC-Sample-App */,
				B6B4AFED29364D0E00291FE6 /* Products */,
				CEE63FD8501581B5FDA47138 /* Pods */,
				6E56D48DC20D59FB9377CFE0 /* Frameworks */,
			);
			sourceTree = "<group>";
		};
		B6B4AFED29364D0E00291FE6 /* Products */ = {
			isa = PBXGroup;
			children = (
				B6B4AFEC29364D0E00291FE6 /* ObjectiveC-Sample-App.app */,
			);
			name = Products;
			sourceTree = "<group>";
		};
		B6B4AFEE29364D0E00291FE6 /* ObjectiveC-Sample-App */ = {
			isa = PBXGroup;
			children = (
				B6B4AFEF29364D0E00291FE6 /* AppDelegate.h */,
				B6B4AFF029364D0E00291FE6 /* AppDelegate.m */,
				B6B4AFF229364D0E00291FE6 /* SceneDelegate.h */,
				B6B4AFF329364D0E00291FE6 /* SceneDelegate.m */,
				B6B4AFF529364D0E00291FE6 /* ViewController.h */,
				B6B4AFF629364D0E00291FE6 /* ViewController.m */,
				B6B4AFF829364D0E00291FE6 /* Main.storyboard */,
				B6B4AFFB29364D0F00291FE6 /* Assets.xcassets */,
				B6B4AFFD29364D0F00291FE6 /* LaunchScreen.storyboard */,
				B6B4B00029364D0F00291FE6 /* Info.plist */,
				B6B4B00129364D0F00291FE6 /* main.m */,
			);
			path = "ObjectiveC-Sample-App";
			sourceTree = "<group>";
		};
		CEE63FD8501581B5FDA47138 /* Pods */ = {
			isa = PBXGroup;
			children = (
				24AEC5F4C56927C2171B862F /* Pods-ObjectiveC-Sample-App.debug.xcconfig */,
				A69E585ADBBD24596B56F2C7 /* Pods-ObjectiveC-Sample-App.release.xcconfig */,
			);
			name = Pods;
			path = Pods;
			sourceTree = "<group>";
		};
/* End PBXGroup section */

/* Begin PBXNativeTarget section */
		B6B4AFEB29364D0E00291FE6 /* ObjectiveC-Sample-App */ = {
			isa = PBXNativeTarget;
			buildConfigurationList = B6B4B00529364D0F00291FE6 /* Build configuration list for PBXNativeTarget "ObjectiveC-Sample-App" */;
			buildPhases = (
				787F6BE11C9466106DD17397 /* [CP] Check Pods Manifest.lock */,
				B6B4AFE829364D0E00291FE6 /* Sources */,
				B6B4AFE929364D0E00291FE6 /* Frameworks */,
				B6B4AFEA29364D0E00291FE6 /* Resources */,
			);
			buildRules = (
			);
			dependencies = (
			);
			name = "ObjectiveC-Sample-App";
			productName = "ObjectiveC-Sample-App";
			productReference = B6B4AFEC29364D0E00291FE6 /* ObjectiveC-Sample-App.app */;
			productType = "com.apple.product-type.application";
		};
/* End PBXNativeTarget section */

/* Begin PBXProject section */
		B6B4AFE429364D0E00291FE6 /* Project object */ = {
			isa = PBXProject;
			attributes = {
				BuildIndependentTargetsInParallel = 1;
				LastUpgradeCheck = 1400;
				TargetAttributes = {
					B6B4AFEB29364D0E00291FE6 = {
						CreatedOnToolsVersion = 14.0;
					};
				};
			};
			buildConfigurationList = B6B4AFE729364D0E00291FE6 /* Build configuration list for PBXProject "ObjectiveC-Sample-App" */;
			compatibilityVersion = "Xcode 14.0";
			developmentRegion = en;
			hasScannedForEncodings = 0;
			knownRegions = (
				en,
				Base,
			);
			mainGroup = B6B4AFE329364D0E00291FE6;
			productRefGroup = B6B4AFED29364D0E00291FE6 /* Products */;
			projectDirPath = "";
			projectRoot = "";
			targets = (
				B6B4AFEB29364D0E00291FE6 /* ObjectiveC-Sample-App */,
			);
		};
/* End PBXProject section */

/* Begin PBXResourcesBuildPhase section */
		B6B4AFEA29364D0E00291FE6 /* Resources */ = {
			isa = PBXResourcesBuildPhase;
			buildActionMask = 2147483647;
			files = (
				B6B4AFFF29364D0F00291FE6 /* LaunchScreen.storyboard in Resources */,
				B6B4AFFC29364D0F00291FE6 /* Assets.xcassets in Resources */,
				B6B4AFFA29364D0E00291FE6 /* Main.storyboard in Resources */,
			);
			runOnlyForDeploymentPostprocessing = 0;
		};
/* End PBXResourcesBuildPhase section */

/* Begin PBXShellScriptBuildPhase section */
		787F6BE11C9466106DD17397 /* [CP] Check Pods Manifest.lock */ = {
			isa = PBXShellScriptBuildPhase;
			buildActionMask = 2147483647;
			files = (
			);
			inputFileListPaths = (
			);
			inputPaths = (
				"${PODS_PODFILE_DIR_PATH}/Podfile.lock",
				"${PODS_ROOT}/Manifest.lock",
			);
			name = "[CP] Check Pods Manifest.lock";
			outputFileListPaths = (
			);
			outputPaths = (
				"$(DERIVED_FILE_DIR)/Pods-ObjectiveC-Sample-App-checkManifestLockResult.txt",
			);
			runOnlyForDeploymentPostprocessing = 0;
			shellPath = /bin/sh;
			shellScript = "diff \"${PODS_PODFILE_DIR_PATH}/Podfile.lock\" \"${PODS_ROOT}/Manifest.lock\" > /dev/null\nif [ $? != 0 ] ; then\n    # print error to STDERR\n    echo \"error: The sandbox is not in sync with the Podfile.lock. Run 'pod install' or update your CocoaPods installation.\" >&2\n    exit 1\nfi\n# This output is used by Xcode 'outputs' to avoid re-running this script phase.\necho \"SUCCESS\" > \"${SCRIPT_OUTPUT_FILE_0}\"\n";
			showEnvVarsInLog = 0;
		};
/* End PBXShellScriptBuildPhase section */

/* Begin PBXSourcesBuildPhase section */
		B6B4AFE829364D0E00291FE6 /* Sources */ = {
			isa = PBXSourcesBuildPhase;
			buildActionMask = 2147483647;
			files = (
				B6B4AFF729364D0E00291FE6 /* ViewController.m in Sources */,
				B6B4AFF129364D0E00291FE6 /* AppDelegate.m in Sources */,
				B6B4B00229364D0F00291FE6 /* main.m in Sources */,
				B6B4AFF429364D0E00291FE6 /* SceneDelegate.m in Sources */,
			);
			runOnlyForDeploymentPostprocessing = 0;
		};
/* End PBXSourcesBuildPhase section */

/* Begin PBXVariantGroup section */
		B6B4AFF829364D0E00291FE6 /* Main.storyboard */ = {
			isa = PBXVariantGroup;
			children = (
				B6B4AFF929364D0E00291FE6 /* Base */,
			);
			name = Main.storyboard;
			sourceTree = "<group>";
		};
		B6B4AFFD29364D0F00291FE6 /* LaunchScreen.storyboard */ = {
			isa = PBXVariantGroup;
			children = (
				B6B4AFFE29364D0F00291FE6 /* Base */,
			);
			name = LaunchScreen.storyboard;
			sourceTree = "<group>";
		};
/* End PBXVariantGroup section */

/* Begin XCBuildConfiguration section */
		B6B4B00329364D0F00291FE6 /* Debug */ = {
			isa = XCBuildConfiguration;
			buildSettings = {
				ALWAYS_SEARCH_USER_PATHS = NO;
				CLANG_ANALYZER_NONNULL = YES;
				CLANG_ANALYZER_NUMBER_OBJECT_CONVERSION = YES_AGGRESSIVE;
				CLANG_CXX_LANGUAGE_STANDARD = "gnu++20";
				CLANG_ENABLE_MODULES = YES;
				CLANG_ENABLE_OBJC_ARC = YES;
				CLANG_ENABLE_OBJC_WEAK = YES;
				CLANG_WARN_BLOCK_CAPTURE_AUTORELEASING = YES;
				CLANG_WARN_BOOL_CONVERSION = YES;
				CLANG_WARN_COMMA = YES;
				CLANG_WARN_CONSTANT_CONVERSION = YES;
				CLANG_WARN_DEPRECATED_OBJC_IMPLEMENTATIONS = YES;
				CLANG_WARN_DIRECT_OBJC_ISA_USAGE = YES_ERROR;
				CLANG_WARN_DOCUMENTATION_COMMENTS = YES;
				CLANG_WARN_EMPTY_BODY = YES;
				CLANG_WARN_ENUM_CONVERSION = YES;
				CLANG_WARN_INFINITE_RECURSION = YES;
				CLANG_WARN_INT_CONVERSION = YES;
				CLANG_WARN_NON_LITERAL_NULL_CONVERSION = YES;
				CLANG_WARN_OBJC_IMPLICIT_RETAIN_SELF = YES;
				CLANG_WARN_OBJC_LITERAL_CONVERSION = YES;
				CLANG_WARN_OBJC_ROOT_CLASS = YES_ERROR;
				CLANG_WARN_QUOTED_INCLUDE_IN_FRAMEWORK_HEADER = YES;
				CLANG_WARN_RANGE_LOOP_ANALYSIS = YES;
				CLANG_WARN_STRICT_PROTOTYPES = YES;
				CLANG_WARN_SUSPICIOUS_MOVE = YES;
				CLANG_WARN_UNGUARDED_AVAILABILITY = YES_AGGRESSIVE;
				CLANG_WARN_UNREACHABLE_CODE = YES;
				CLANG_WARN__DUPLICATE_METHOD_MATCH = YES;
				COPY_PHASE_STRIP = NO;
				DEBUG_INFORMATION_FORMAT = dwarf;
				ENABLE_STRICT_OBJC_MSGSEND = YES;
				ENABLE_TESTABILITY = YES;
				GCC_C_LANGUAGE_STANDARD = gnu11;
				GCC_DYNAMIC_NO_PIC = NO;
				GCC_NO_COMMON_BLOCKS = YES;
				GCC_OPTIMIZATION_LEVEL = 0;
				GCC_PREPROCESSOR_DEFINITIONS = (
					"DEBUG=1",
					"$(inherited)",
				);
				GCC_WARN_64_TO_32_BIT_CONVERSION = YES;
				GCC_WARN_ABOUT_RETURN_TYPE = YES_ERROR;
				GCC_WARN_UNDECLARED_SELECTOR = YES;
				GCC_WARN_UNINITIALIZED_AUTOS = YES_AGGRESSIVE;
				GCC_WARN_UNUSED_FUNCTION = YES;
				GCC_WARN_UNUSED_VARIABLE = YES;
				IPHONEOS_DEPLOYMENT_TARGET = 16.0;
				MTL_ENABLE_DEBUG_INFO = INCLUDE_SOURCE;
				MTL_FAST_MATH = YES;
				ONLY_ACTIVE_ARCH = YES;
				SDKROOT = iphoneos;
			};
			name = Debug;
		};
		B6B4B00429364D0F00291FE6 /* Release */ = {
			isa = XCBuildConfiguration;
			buildSettings = {
				ALWAYS_SEARCH_USER_PATHS = NO;
				CLANG_ANALYZER_NONNULL = YES;
				CLANG_ANALYZER_NUMBER_OBJECT_CONVERSION = YES_AGGRESSIVE;
				CLANG_CXX_LANGUAGE_STANDARD = "gnu++20";
				CLANG_ENABLE_MODULES = YES;
				CLANG_ENABLE_OBJC_ARC = YES;
				CLANG_ENABLE_OBJC_WEAK = YES;
				CLANG_WARN_BLOCK_CAPTURE_AUTORELEASING = YES;
				CLANG_WARN_BOOL_CONVERSION = YES;
				CLANG_WARN_COMMA = YES;
				CLANG_WARN_CONSTANT_CONVERSION = YES;
				CLANG_WARN_DEPRECATED_OBJC_IMPLEMENTATIONS = YES;
				CLANG_WARN_DIRECT_OBJC_ISA_USAGE = YES_ERROR;
				CLANG_WARN_DOCUMENTATION_COMMENTS = YES;
				CLANG_WARN_EMPTY_BODY = YES;
				CLANG_WARN_ENUM_CONVERSION = YES;
				CLANG_WARN_INFINITE_RECURSION = YES;
				CLANG_WARN_INT_CONVERSION = YES;
				CLANG_WARN_NON_LITERAL_NULL_CONVERSION = YES;
				CLANG_WARN_OBJC_IMPLICIT_RETAIN_SELF = YES;
				CLANG_WARN_OBJC_LITERAL_CONVERSION = YES;
				CLANG_WARN_OBJC_ROOT_CLASS = YES_ERROR;
				CLANG_WARN_QUOTED_INCLUDE_IN_FRAMEWORK_HEADER = YES;
				CLANG_WARN_RANGE_LOOP_ANALYSIS = YES;
				CLANG_WARN_STRICT_PROTOTYPES = YES;
				CLANG_WARN_SUSPICIOUS_MOVE = YES;
				CLANG_WARN_UNGUARDED_AVAILABILITY = YES_AGGRESSIVE;
				CLANG_WARN_UNREACHABLE_CODE = YES;
				CLANG_WARN__DUPLICATE_METHOD_MATCH = YES;
				COPY_PHASE_STRIP = NO;
				DEBUG_INFORMATION_FORMAT = "dwarf-with-dsym";
				ENABLE_NS_ASSERTIONS = NO;
				ENABLE_STRICT_OBJC_MSGSEND = YES;
				GCC_C_LANGUAGE_STANDARD = gnu11;
				GCC_NO_COMMON_BLOCKS = YES;
				GCC_WARN_64_TO_32_BIT_CONVERSION = YES;
				GCC_WARN_ABOUT_RETURN_TYPE = YES_ERROR;
				GCC_WARN_UNDECLARED_SELECTOR = YES;
				GCC_WARN_UNINITIALIZED_AUTOS = YES_AGGRESSIVE;
				GCC_WARN_UNUSED_FUNCTION = YES;
				GCC_WARN_UNUSED_VARIABLE = YES;
				IPHONEOS_DEPLOYMENT_TARGET = 16.0;
				MTL_ENABLE_DEBUG_INFO = NO;
				MTL_FAST_MATH = YES;
				SDKROOT = iphoneos;
				VALIDATE_PRODUCT = YES;
			};
			name = Release;
		};
		B6B4B00629364D0F00291FE6 /* Debug */ = {
			isa = XCBuildConfiguration;
			baseConfigurationReference = 24AEC5F4C56927C2171B862F /* Pods-ObjectiveC-Sample-App.debug.xcconfig */;
			buildSettings = {
				ASSETCATALOG_COMPILER_APPICON_NAME = AppIcon;
				ASSETCATALOG_COMPILER_GLOBAL_ACCENT_COLOR_NAME = AccentColor;
				CODE_SIGN_STYLE = Automatic;
				CURRENT_PROJECT_VERSION = 1;
				GENERATE_INFOPLIST_FILE = YES;
				INFOPLIST_FILE = "ObjectiveC-Sample-App/Info.plist";
				INFOPLIST_KEY_UIApplicationSupportsIndirectInputEvents = YES;
				INFOPLIST_KEY_UILaunchStoryboardName = LaunchScreen;
				INFOPLIST_KEY_UIMainStoryboardFile = Main;
				INFOPLIST_KEY_UISupportedInterfaceOrientations_iPad = "UIInterfaceOrientationPortrait UIInterfaceOrientationPortraitUpsideDown UIInterfaceOrientationLandscapeLeft UIInterfaceOrientationLandscapeRight";
				INFOPLIST_KEY_UISupportedInterfaceOrientations_iPhone = "UIInterfaceOrientationPortrait UIInterfaceOrientationLandscapeLeft UIInterfaceOrientationLandscapeRight";
				LD_RUNPATH_SEARCH_PATHS = (
					"$(inherited)",
					"@executable_path/Frameworks",
				);
				MARKETING_VERSION = 1.0;
				PRODUCT_BUNDLE_IDENTIFIER = "com.cloudinary.sdk.sample.ObjectiveC-Sample-App";
				PRODUCT_NAME = "$(TARGET_NAME)";
				SWIFT_EMIT_LOC_STRINGS = YES;
				TARGETED_DEVICE_FAMILY = "1,2";
			};
			name = Debug;
		};
		B6B4B00729364D0F00291FE6 /* Release */ = {
			isa = XCBuildConfiguration;
			baseConfigurationReference = A69E585ADBBD24596B56F2C7 /* Pods-ObjectiveC-Sample-App.release.xcconfig */;
			buildSettings = {
				ASSETCATALOG_COMPILER_APPICON_NAME = AppIcon;
				ASSETCATALOG_COMPILER_GLOBAL_ACCENT_COLOR_NAME = AccentColor;
				CODE_SIGN_STYLE = Automatic;
				CURRENT_PROJECT_VERSION = 1;
				GENERATE_INFOPLIST_FILE = YES;
				INFOPLIST_FILE = "ObjectiveC-Sample-App/Info.plist";
				INFOPLIST_KEY_UIApplicationSupportsIndirectInputEvents = YES;
				INFOPLIST_KEY_UILaunchStoryboardName = LaunchScreen;
				INFOPLIST_KEY_UIMainStoryboardFile = Main;
				INFOPLIST_KEY_UISupportedInterfaceOrientations_iPad = "UIInterfaceOrientationPortrait UIInterfaceOrientationPortraitUpsideDown UIInterfaceOrientationLandscapeLeft UIInterfaceOrientationLandscapeRight";
				INFOPLIST_KEY_UISupportedInterfaceOrientations_iPhone = "UIInterfaceOrientationPortrait UIInterfaceOrientationLandscapeLeft UIInterfaceOrientationLandscapeRight";
				LD_RUNPATH_SEARCH_PATHS = (
					"$(inherited)",
					"@executable_path/Frameworks",
				);
				MARKETING_VERSION = 1.0;
				PRODUCT_BUNDLE_IDENTIFIER = "com.cloudinary.sdk.sample.ObjectiveC-Sample-App";
				PRODUCT_NAME = "$(TARGET_NAME)";
				SWIFT_EMIT_LOC_STRINGS = YES;
				TARGETED_DEVICE_FAMILY = "1,2";
			};
			name = Release;
		};
/* End XCBuildConfiguration section */

/* Begin XCConfigurationList section */
		B6B4AFE729364D0E00291FE6 /* Build configuration list for PBXProject "ObjectiveC-Sample-App" */ = {
			isa = XCConfigurationList;
			buildConfigurations = (
				B6B4B00329364D0F00291FE6 /* Debug */,
				B6B4B00429364D0F00291FE6 /* Release */,
			);
			defaultConfigurationIsVisible = 0;
			defaultConfigurationName = Release;
		};
		B6B4B00529364D0F00291FE6 /* Build configuration list for PBXNativeTarget "ObjectiveC-Sample-App" */ = {
			isa = XCConfigurationList;
			buildConfigurations = (
				B6B4B00629364D0F00291FE6 /* Debug */,
				B6B4B00729364D0F00291FE6 /* Release */,
			);
			defaultConfigurationIsVisible = 0;
			defaultConfigurationName = Release;
		};
/* End XCConfigurationList section */
	};
	rootObject = B6B4AFE429364D0E00291FE6 /* Project object */;
}
